
Microsoft Visual Studio Solution File, Format Version 12.00
# Visual Studio Version 16
VisualStudioVersion = 25.0.1705.0
MinimumVisualStudioVersion = 10.0.40219.1
Project("{FAE04EC0-301F-11D3-BF4B-00C04F79EFBC}") = "Movies.Application", "Movies.Application\Movies.Application.csproj", "{20C20E49-9E47-44A6-B088-EEE82F1BC4DF}"
EndProject
Project("{FAE04EC0-301F-11D3-BF4B-00C04F79EFBC}") = "Movies.Contracts", "Movies.Contracts\Movies.Contracts.csproj", "{2E048B05-DF52-4D65-A5CA-AB3FFA0470BE}"
EndProject
Project("{FAE04EC0-301F-11D3-BF4B-00C04F79EFBC}") = "Movies.Api", "Movies.Api3\Movies.Api.csproj", "{64EFEC25-D6A1-4C7D-84CE-199B22C8689F}"
EndProject
Global
	GlobalSection(SolutionConfigurationPlatforms) = preSolution
		Debug|Any CPU = Debug|Any CPU
		Release|Any CPU = Release|Any CPU
	EndGlobalSection
	GlobalSection(ProjectConfigurationPlatforms) = postSolution
		{20C20E49-9E47-44A6-B088-EEE82F1BC4DF}.Debug|Any CPU.ActiveCfg = Debug|Any CPU
		{20C20E49-9E47-44A6-B088-EEE82F1BC4DF}.Debug|Any CPU.Build.0 = Debug|Any CPU
		{20C20E49-9E47-44A6-B088-EEE82F1BC4DF}.Release|Any CPU.ActiveCfg = Release|Any CPU
		{20C20E49-9E47-44A6-B088-EEE82F1BC4DF}.Release|Any CPU.Build.0 = Release|Any CPU
		{2E048B05-DF52-4D65-A5CA-AB3FFA0470BE}.Debug|Any CPU.ActiveCfg = Debug|Any CPU
		{2E048B05-DF52-4D65-A5CA-AB3FFA0470BE}.Debug|Any CPU.Build.0 = Debug|Any CPU
		{2E048B05-DF52-4D65-A5CA-AB3FFA0470BE}.Release|Any CPU.ActiveCfg = Release|Any CPU
		{2E048B05-DF52-4D65-A5CA-AB3FFA0470BE}.Release|Any CPU.Build.0 = Release|Any CPU
		{64EFEC25-D6A1-4C7D-84CE-199B22C8689F}.Debug|Any CPU.ActiveCfg = Debug|Any CPU
		{64EFEC25-D6A1-4C7D-84CE-199B22C8689F}.Debug|Any CPU.Build.0 = Debug|Any CPU
		{64EFEC25-D6A1-4C7D-84CE-199B22C8689F}.Release|Any CPU.ActiveCfg = Release|Any CPU
		{64EFEC25-D6A1-4C7D-84CE-199B22C8689F}.Release|Any CPU.Build.0 = Release|Any CPU
	EndGlobalSection
	GlobalSection(SolutionProperties) = preSolution
		HideSolutionNode = FALSE
	EndGlobalSection
	GlobalSection(ExtensibilityGlobals) = postSolution
		SolutionGuid = {E0BFAD29-F8E6-4B0D-8C77-DC06807017C7}
	EndGlobalSection
EndGlobal
